
Microsoft Visual Studio Solution File, Format Version 12.00
# Visual Studio Version 16
VisualStudioVersion = 16.0.33130.400
MinimumVisualStudioVersion = 10.0.40219.1
Project("{FAE04EC0-301F-11D3-BF4B-00C04F79EFBC}") = "RunGame", "RunGame\RunGame.csproj", "{5DED0000-A259-4F86-BCBC-FDBB7F8E738C}"
EndProject
Global
	GlobalSection(SolutionConfigurationPlatforms) = preSolution
		Debug|Any CPU = Debug|Any CPU
		Release|Any CPU = Release|Any CPU
	EndGlobalSection
	GlobalSection(ProjectConfigurationPlatforms) = postSolution
		{5DED0000-A259-4F86-BCBC-FDBB7F8E738C}.Debug|Any CPU.ActiveCfg = Debug|Any CPU
		{5DED0000-A259-4F86-BCBC-FDBB7F8E738C}.Debug|Any CPU.Build.0 = Debug|Any CPU
		{5DED0000-A259-4F86-BCBC-FDBB7F8E738C}.Release|Any CPU.ActiveCfg = Release|Any CPU
		{5DED0000-A259-4F86-BCBC-FDBB7F8E738C}.Release|Any CPU.Build.0 = Release|Any CPU
	EndGlobalSection
	GlobalSection(SolutionProperties) = preSolution
		HideSolutionNode = FALSE
	EndGlobalSection
	GlobalSection(ExtensibilityGlobals) = postSolution
		SolutionGuid = {F471576A-22DF-4B67-B92A-EAC8C5788F0D}
	EndGlobalSection
EndGlobal
